
Microsoft Visual Studio Solution File, Format Version 12.00
# Visual Studio Version 16
VisualStudioVersion = 16.0.28803.202
MinimumVisualStudioVersion = 10.0.40219.1
Project("{FAE04EC0-301F-11D3-BF4B-00C04F79EFBC}") = "SAIL-DiscordBot", "SAIL-DiscordBot\SAIL-DiscordBot.csproj", "{F1CAB033-A05A-4087-B16F-53BAE9AFD699}"
EndProject
Global
	GlobalSection(SolutionConfigurationPlatforms) = preSolution
		Debug|Any CPU = Debug|Any CPU
		Release|Any CPU = Release|Any CPU
	EndGlobalSection
	GlobalSection(ProjectConfigurationPlatforms) = postSolution
		{F1CAB033-A05A-4087-B16F-53BAE9AFD699}.Debug|Any CPU.ActiveCfg = Debug|Any CPU
		{F1CAB033-A05A-4087-B16F-53BAE9AFD699}.Debug|Any CPU.Build.0 = Debug|Any CPU
		{F1CAB033-A05A-4087-B16F-53BAE9AFD699}.Release|Any CPU.ActiveCfg = Release|Any CPU
		{F1CAB033-A05A-4087-B16F-53BAE9AFD699}.Release|Any CPU.Build.0 = Release|Any CPU
	EndGlobalSection
	GlobalSection(SolutionProperties) = preSolution
		HideSolutionNode = FALSE
	EndGlobalSection
	GlobalSection(ExtensibilityGlobals) = postSolution
		SolutionGuid = {CD4CF3DC-0F09-47F8-9447-090BE5455B03}
	EndGlobalSection
EndGlobal
